
Microsoft Visual Studio Solution File, Format Version 12.00
# Visual Studio Version 16
VisualStudioVersion = 16.6.30114.105
MinimumVisualStudioVersion = 10.0.40219.1
Project("{9A19103F-16F7-4668-BE54-9A1E7A4F7556}") = "CarRent", "src\CarRent\CarRent.csproj", "{76AC0A58-589B-4D47-81CE-0F3481E06B2D}"
EndProject
Project("{2150E333-8FDC-42A3-9474-1A3956D46DE8}") = "Source", "Source", "{F4754F33-6668-4B4B-84F0-4037AA3112EF}"
EndProject
Project("{2150E333-8FDC-42A3-9474-1A3956D46DE8}") = "Tests", "Tests", "{E1FEACF8-C059-499D-8314-8C9F90584A55}"
EndProject
Project("{9A19103F-16F7-4668-BE54-9A1E7A4F7556}") = "CarRent.Tests", "tests\CarRent.Tests\CarRent.Tests.csproj", "{E9F67B45-40AA-400A-BC02-A3E184BCA6FD}"
EndProject
Project("{2150E333-8FDC-42A3-9474-1A3956D46DE8}") = "Solution Items", "Solution Items", "{85F0B11A-2E54-4A7E-9942-E3BA351F3442}"
	ProjectSection(SolutionItems) = preProject
		.editorconfig = .editorconfig
	EndProjectSection
EndProject
Global
	GlobalSection(SolutionConfigurationPlatforms) = preSolution
		Debug|Any CPU = Debug|Any CPU
		Release|Any CPU = Release|Any CPU
	EndGlobalSection
	GlobalSection(ProjectConfigurationPlatforms) = postSolution
		{76AC0A58-589B-4D47-81CE-0F3481E06B2D}.Debug|Any CPU.ActiveCfg = Debug|Any CPU
		{76AC0A58-589B-4D47-81CE-0F3481E06B2D}.Debug|Any CPU.Build.0 = Debug|Any CPU
		{76AC0A58-589B-4D47-81CE-0F3481E06B2D}.Release|Any CPU.ActiveCfg = Release|Any CPU
		{76AC0A58-589B-4D47-81CE-0F3481E06B2D}.Release|Any CPU.Build.0 = Release|Any CPU
		{E9F67B45-40AA-400A-BC02-A3E184BCA6FD}.Debug|Any CPU.ActiveCfg = Debug|Any CPU
		{E9F67B45-40AA-400A-BC02-A3E184BCA6FD}.Debug|Any CPU.Build.0 = Debug|Any CPU
		{E9F67B45-40AA-400A-BC02-A3E184BCA6FD}.Release|Any CPU.ActiveCfg = Release|Any CPU
		{E9F67B45-40AA-400A-BC02-A3E184BCA6FD}.Release|Any CPU.Build.0 = Release|Any CPU
	EndGlobalSection
	GlobalSection(SolutionProperties) = preSolution
		HideSolutionNode = FALSE
	EndGlobalSection
	GlobalSection(NestedProjects) = preSolution
		{76AC0A58-589B-4D47-81CE-0F3481E06B2D} = {F4754F33-6668-4B4B-84F0-4037AA3112EF}
		{E9F67B45-40AA-400A-BC02-A3E184BCA6FD} = {E1FEACF8-C059-499D-8314-8C9F90584A55}
	EndGlobalSection
	GlobalSection(ExtensibilityGlobals) = postSolution
		SolutionGuid = {40FE83E6-C4A0-481F-9507-1C1671591BE5}
	EndGlobalSection
EndGlobal
